dependencies:
  as-inliner: 0.0.3_assemblyscript@0.18.32
  as-string-sink: 0.1.1
  line-column: 1.0.2
  visitor-as: 0.6.0_assemblyscript@0.18.32
devDependencies:
  '@assemblyscript/loader': 0.18.32
  '@types/line-column': 1.0.0
  as-console: 5.0.3
  assemblyscript: 0.18.32
lockfileVersion: 5.2
packages:
  /@assemblyscript/loader/0.18.32:
    dev: true
    resolution:
      integrity: sha512-fq+nWvQuwASkTgchjMsnLyharobzPJIKx4KGoSlkS1ffrsnjabok2oOH7jAIFW4RMz3JXjHxMONbAmcxzyrcUw==
  /@types/line-column/1.0.0:
    dev: true
    resolution:
      integrity: sha512-wbw+IDRw/xY/RGy+BL6f4Eey4jsUgHQrMuA4Qj0CSG3x/7C2Oc57pmRoM2z3M4DkylWRz+G1pfX06sCXQm0J+w==
  /as-console/5.0.3:
    dependencies:
      '@assemblyscript/loader': 0.18.32
      as-string-sink: 0.2.2
      assemblyscript: 0.18.32
    dev: true
    resolution:
      integrity: sha512-M0T4QFGaHxndxbfJeswwCX9ySVJh1mk58Ugh3EjuaD7Nkq5jpOOrwzvkr80jDOwIsUdiFmp4vqjbvTTpH85U/w==
  /as-inliner/0.0.3_assemblyscript@0.18.32:
    dependencies:
      assemblyscript: 0.18.32
      visitor-as: 0.4.0_assemblyscript@0.18.32
    dev: false
    peerDependencies:
      assemblyscript: '*'
    resolution:
      integrity: sha512-CgiEVe6fltVkn35Sc2x+IBmiyOXDmJ86Vb3E4I2GgwjZjDrOOV5GkJ2tirhSHGDL4bLYCBGD7vL8DwYl7YRdHA==
  /as-string-sink/0.1.1:
    dev: false
    resolution:
      integrity: sha512-kqW0Wz3GRg0B+tDp93vo3w3vuKfLzeWZud3Bya+ACQXKsNjoUOdUbRxHmjGSuGlHmqXn8be37mYTbNoepTnkIQ==
  /as-string-sink/0.2.2:
    dev: true
    resolution:
      integrity: sha512-BBzjxrTK8aUmUOHmFmL47l+dnBeqQI27THkuH9eyE0wIICIgruLEvN2FX4ONMArBP3sFbCzBe0atuNjzBFZNNQ==
  /assemblyscript/0.18.32:
    dependencies:
      binaryen: 100.0.0-nightly.20210413
      long: 4.0.0
    dev: true
    hasBin: true
    resolution:
      integrity: sha512-Py6zremwGhO3nSoI/VxyVUzTZfNhTjzNzFDaUdG4JhPJHeG+FzVlEoNCrw4bE5nPc7F+P2DJ8tZQCqIt15ceKw==
  /binaryen/100.0.0-nightly.20210413:
    dev: true
    hasBin: true
    resolution:
      integrity: sha512-EeGLIxQmJS0xnYl+SH34mNBqVMoixKd9nsE7S7z+CtS9A4eoWn3Qjav+XElgunUgXIHAI5yLnYT2TUGnLX2f1w==
  /isarray/1.0.0:
    dev: false
    resolution:
      integrity: sha1-u5NdSFgsuhaMBoNJV6VKPgcSTxE=
  /isobject/2.1.0:
    dependencies:
      isarray: 1.0.0
    dev: false
    engines:
      node: '>=0.10.0'
    resolution:
      integrity: sha1-8GVWEJaj8dou9GJy+BXIQNh+DIk=
  /line-column/1.0.2:
    dependencies:
      isarray: 1.0.0
      isobject: 2.1.0
    dev: false
    resolution:
      integrity: sha1-0lryk2tvSEkXKzEuR5LR2Ye8NKI=
  /lodash.clonedeep/4.5.0:
    dev: false
    resolution:
      integrity: sha1-4j8/nE+Pvd6HJSnBBxhXoIblzO8=
  /long/4.0.0:
    dev: true
    resolution:
      integrity: sha512-XsP+KhQif4bjX1kbuSiySJFNAehNxgLb6hPRGJ9QsUr8ajHkuXGdrHmFUTUUXhDwVX2R5bY4JNZEwbUiMhV+MA==
  /ts-mixer/5.4.1:
    dev: false
    resolution:
      integrity: sha512-Zo9HgPCtNouDgJ+LGtrzVOjSg8+7WGQktIKLwAfaNrlOK1mWGlz1ejsAF/YqUEqAGjUTeB5fEg8gH9Aui6w9xA==
  /visitor-as/0.4.0_assemblyscript@0.18.32:
    dependencies:
      assemblyscript: 0.18.32
      lodash.clonedeep: 4.5.0
      ts-mixer: 5.4.1
    dev: false
    peerDependencies:
      assemblyscript: ^0.13.3
    resolution:
      integrity: sha512-ey5It5E/CE7xl+PLaHaFqMIOZK8pLwM9m1lHjWZg8//afJ0acBde4aQbpT2+UnJdwPul6738cLYR/HM3Acz90w==
  /visitor-as/0.6.0_assemblyscript@0.18.32:
    dependencies:
      assemblyscript: 0.18.32
      lodash.clonedeep: 4.5.0
      ts-mixer: 5.4.1
    dev: false
    peerDependencies:
      assemblyscript: ^0.18.31
    resolution:
      integrity: sha512-4WcnwCLXWjhNkwJj9gSqh46sdIv9CyIvnSuwr61OOfrGCtN2mKcW5KE828OeEr1rYjEy0Z/CIdPBJKJRLsUgDA==
specifiers:
  '@assemblyscript/loader': ^0.18.31
  '@types/line-column': ^1.0.0
  as-console: ^5.0.3
  as-inliner: ^0.0.3
  as-string-sink: ^0.1.1
  assemblyscript: ^0.18.31
  line-column: ^1.0.2
  visitor-as: ^0.6.0
